schema: '2.0'
stages:
  featurize:
    cmd: python src/featurize.py hydra.run.dir=outputs/dvc/featurize
    deps:
    - path: Online Retail.xlsx
      hash: md5
      md5: 8f8e6d94ba88f976f4d8290cb2dea7fd
      size: 23715344
      isexec: true
    - path: src/featurize.py
      hash: md5
      md5: 2a3af028e70e0733f17aa5826f24fda2
      size: 5222
      isexec: true
    params:
      conf/config.yaml:
        data:
          country: United Kingdom
          drop_duplicates: true
          drop_missing_customer: true
          drop_zero_price: true
          cancellation_prefix: C
          drop_non_positive_monetary: true
        features:
          columns:
          - Recency
          - Frequency
          - Monetary
          log_transform: true
          scaler: standard
        paths:
          raw: Online Retail.xlsx
          target: data/target_dataset.csv
          features: data/features.csv
          model: models/model.joblib
          scaler: models/scaler.joblib
          labels: data/labels.csv
          metrics: metrics.json
          profile: reports/cluster_profile.csv
          segmented: data/segmented_customers.csv
    outs:
    - path: data/features.csv
      hash: md5
      md5: 3f3600340c21565489f6f8fa8adda785
      size: 229760
    - path: data/target_dataset.csv
      hash: md5
      md5: e7785c2e9ef6ed8191ac3d7e764ca6d9
      size: 149359
    - path: models/scaler.joblib
      hash: md5
      md5: cb961ea5199bc39abb6c560b2bbde62b
      size: 927
  train:
    cmd: python src/train.py hydra.run.dir=outputs/dvc/train
    deps:
    - path: conf/model
      hash: md5
      md5: a1868ab919b704c61ba2ec9ee5dcefd3.dir
      size: 289
      nfiles: 2
    - path: data/features.csv
      hash: md5
      md5: 3f3600340c21565489f6f8fa8adda785
      size: 229760
    - path: src/train.py
      hash: md5
      md5: aed41883d744220d5adb74fed63ed69d
      size: 2189
      isexec: true
    outs:
    - path: data/labels.csv
      hash: md5
      md5: 93e63c629a02560dfb51444af0083bc6
      size: 7812
    - path: models/model.joblib
      hash: md5
      md5: 30589550480a2d6b464c000c4868b338
      size: 16751
  evaluate:
    cmd: python src/evaluate.py hydra.run.dir=outputs/dvc/evaluate
    deps:
    - path: conf/model
      hash: md5
      md5: a1868ab919b704c61ba2ec9ee5dcefd3.dir
      size: 289
      nfiles: 2
    - path: data/features.csv
      hash: md5
      md5: 3f3600340c21565489f6f8fa8adda785
      size: 229760
    - path: data/labels.csv
      hash: md5
      md5: 93e63c629a02560dfb51444af0083bc6
      size: 7812
    - path: data/target_dataset.csv
      hash: md5
      md5: e7785c2e9ef6ed8191ac3d7e764ca6d9
      size: 149359
    - path: models/model.joblib
      hash: md5
      md5: 30589550480a2d6b464c000c4868b338
      size: 16751
    - path: src/evaluate.py
      hash: md5
      md5: fbfa6128753e718db4b119eb174d2d8c
      size: 7943
      isexec: true
    params:
      conf/config.yaml:
        evaluate:
          stability_seeds: 10
        mlflow:
          enabled: true
          tracking_uri: sqlite:///mlflow.db
          experiment_name: rfm-segmentation
    outs:
    - path: data/segmented_customers.csv
      hash: md5
      md5: 5cddfb409c0ac6988deb3447fcf1a785
      size: 157171
    - path: metrics.json
      hash: md5
      md5: 08fffb09a981611f3c092d101bd097ed
      size: 325
    - path: reports/cluster_profile.csv
      hash: md5
      md5: 5955cbf4a8d50cee0153a91781b4ff42
      size: 282
